dependencies:
- name: upload-files-app
  repository: file://subcharts/upload_files_app
  version: 0.1.0
- name: upload-files-be
  repository: file://subcharts/upload-files-be
  version: 0.1.0
digest: sha256:9191796bd09e7743ddad5bebebfc101623cf534b871a129da5c816b0cdcbec02
generated: "2024-12-25T12:08:17.6162555+07:00"
