dependencies:
- name: ingress-nginx
  repository: https://kubernetes.github.io/ingress-nginx
  version: 4.11.2
- name: upload-files-app
  repository: file://subcharts/upload_files_app
  version: 0.1.0
- name: upload-files-be
  repository: file://subcharts/upload-files-be
  version: 0.1.0
- name: airflow
  repository: https://airflow.apache.org
  version: 1.15.0
- name: postgresql
  repository: https://charts.bitnami.com/bitnami
  version: 16.3.4
digest: sha256:c62e63824469c7b9aca24f73d228dcf8658d6120fc83dfec78431b08334626a1
generated: "2024-12-24T00:17:56.269729+07:00"
